// !$*UTF8*$!
{
	archiveVersion = 1;
	classes = {
	};
	objectVersion = 46;
	objects = {

/* Begin PBXBuildFile section */
		6CB21D651C7844820000AF34 /* AppDelegate.swift in Sources */ = {isa = PBXBuildFile; fileRef = 6CB21D641C7844820000AF34 /* AppDelegate.swift */; };
		6CB21D671C7844820000AF34 /* MainViewController.swift in Sources */ = {isa = PBXBuildFile; fileRef = 6CB21D661C7844820000AF34 /* MainViewController.swift */; };
		6CB21D6A1C7844820000AF34 /* Main.storyboard in Resources */ = {isa = PBXBuildFile; fileRef = 6CB21D681C7844820000AF34 /* Main.storyboard */; };
		6CB21D6C1C7844820000AF34 /* Assets.xcassets in Resources */ = {isa = PBXBuildFile; fileRef = 6CB21D6B1C7844820000AF34 /* Assets.xcassets */; };
		6CB21D6F1C7844820000AF34 /* LaunchScreen.storyboard in Resources */ = {isa = PBXBuildFile; fileRef = 6CB21D6D1C7844820000AF34 /* LaunchScreen.storyboard */; };
		6CB21D7A1C7844820000AF34 /* ProcrastinotTests.swift in Sources */ = {isa = PBXBuildFile; fileRef = 6CB21D791C7844820000AF34 /* ProcrastinotTests.swift */; };
		6CB21D851C7844820000AF34 /* ProcrastinotUITests.swift in Sources */ = {isa = PBXBuildFile; fileRef = 6CB21D841C7844820000AF34 /* ProcrastinotUITests.swift */; };
		6CB21D941C78A2490000AF34 /* CourseCellTableViewCell.swift in Sources */ = {isa = PBXBuildFile; fileRef = 6CB21D931C78A2490000AF34 /* CourseCellTableViewCell.swift */; };
		6CB21D961C78B5C30000AF34 /* parse-library-1 in Resources */ = {isa = PBXBuildFile; fileRef = 6CB21D951C78B5C30000AF34 /* parse-library-1 */; };
		6CB21D981C78B62D0000AF34 /* AudioToolbox.framework in Frameworks */ = {isa = PBXBuildFile; fileRef = 6CB21D971C78B62D0000AF34 /* AudioToolbox.framework */; };
		6CB21D9A1C78B6340000AF34 /* CFNetwork.framework in Frameworks */ = {isa = PBXBuildFile; fileRef = 6CB21D991C78B6340000AF34 /* CFNetwork.framework */; };
		6CB21D9C1C78B6390000AF34 /* CoreGraphics.framework in Frameworks */ = {isa = PBXBuildFile; fileRef = 6CB21D9B1C78B6390000AF34 /* CoreGraphics.framework */; };
		6CB21D9E1C78B6400000AF34 /* CoreLocation.framework in Frameworks */ = {isa = PBXBuildFile; fileRef = 6CB21D9D1C78B6400000AF34 /* CoreLocation.framework */; };
		6CB21DA01C78B6460000AF34 /* QuartzCore.framework in Frameworks */ = {isa = PBXBuildFile; fileRef = 6CB21D9F1C78B6460000AF34 /* QuartzCore.framework */; };
		6CB21DA21C78B64D0000AF34 /* Security.framework in Frameworks */ = {isa = PBXBuildFile; fileRef = 6CB21DA11C78B64D0000AF34 /* Security.framework */; };
		6CB21DA41C78B6520000AF34 /* StoreKit.framework in Frameworks */ = {isa = PBXBuildFile; fileRef = 6CB21DA31C78B6520000AF34 /* StoreKit.framework */; };
		6CB21DA61C78B65B0000AF34 /* SystemConfiguration.framework in Frameworks */ = {isa = PBXBuildFile; fileRef = 6CB21DA51C78B65B0000AF34 /* SystemConfiguration.framework */; };
		6CB21DA81C78B67A0000AF34 /* libz.tbd in Frameworks */ = {isa = PBXBuildFile; fileRef = 6CB21DA71C78B67A0000AF34 /* libz.tbd */; };
		6CB21DAA1C78B6820000AF34 /* libsqlite3.tbd in Frameworks */ = {isa = PBXBuildFile; fileRef = 6CB21DA91C78B6820000AF34 /* libsqlite3.tbd */; };
		6CB21DAF1C78D0020000AF34 /* courseObject.swift in Sources */ = {isa = PBXBuildFile; fileRef = 6CB21DAE1C78D0020000AF34 /* courseObject.swift */; };
		6CB21DB11C78DA130000AF34 /* homeworkObject.swift in Sources */ = {isa = PBXBuildFile; fileRef = 6CB21DB01C78DA130000AF34 /* homeworkObject.swift */; };
		6CB21DB31C78DEC40000AF34 /* examObject.swift in Sources */ = {isa = PBXBuildFile; fileRef = 6CB21DB21C78DEC40000AF34 /* examObject.swift */; };
		6CB21DB71C79227D0000AF34 /* AddClassViewController.swift in Sources */ = {isa = PBXBuildFile; fileRef = 6CB21DB61C79227D0000AF34 /* AddClassViewController.swift */; };
		6CB21DB91C7922A50000AF34 /* CourseDetailsViewController.swift in Sources */ = {isa = PBXBuildFile; fileRef = 6CB21DB81C7922A50000AF34 /* CourseDetailsViewController.swift */; };
		6CB21DBC1C79379C0000AF34 /* FullCourseListCell.swift in Sources */ = {isa = PBXBuildFile; fileRef = 6CB21DBB1C79379C0000AF34 /* FullCourseListCell.swift */; };
		6CB21DBE1C795B2D0000AF34 /* DatePickerViewController.swift in Sources */ = {isa = PBXBuildFile; fileRef = 6CB21DBD1C795B2D0000AF34 /* DatePickerViewController.swift */; };
		6CB21DC01C7985B40000AF34 /* HwExam.swift in Sources */ = {isa = PBXBuildFile; fileRef = 6CB21DBF1C7985B40000AF34 /* HwExam.swift */; };
		A222947BB23290EB4185118D /* Pods_Procrastinot.framework in Frameworks */ = {isa = PBXBuildFile; fileRef = 6DF8159FECADEC5E8F74F9EF /* Pods_Procrastinot.framework */; };
/* End PBXBuildFile section */

/* Begin PBXContainerItemProxy section */
		6CB21D761C7844820000AF34 /* PBXContainerItemProxy */ = {
			isa = PBXContainerItemProxy;
			containerPortal = 6CB21D591C7844820000AF34 /* Project object */;
			proxyType = 1;
			remoteGlobalIDString = 6CB21D601C7844820000AF34;
			remoteInfo = Procrastinot;
		};
		6CB21D811C7844820000AF34 /* PBXContainerItemProxy */ = {
			isa = PBXContainerItemProxy;
			containerPortal = 6CB21D591C7844820000AF34 /* Project object */;
			proxyType = 1;
			remoteGlobalIDString = 6CB21D601C7844820000AF34;
			remoteInfo = Procrastinot;
		};
/* End PBXContainerItemProxy section */

/* Begin PBXFileReference section */
		07C5BE33459A027DD2C2DC81 /* Pods-Procrastinot.debug.xcconfig */ = {isa = PBXFileReference; includeInIndex = 1; lastKnownFileType = text.xcconfig; name = "Pods-Procrastinot.debug.xcconfig"; path = "Pods/Target Support Files/Pods-Procrastinot/Pods-Procrastinot.debug.xcconfig"; sourceTree = "<group>"; };
		6CB21D611C7844820000AF34 /* Procrastinot.app */ = {isa = PBXFileReference; explicitFileType = wrapper.application; includeInIndex = 0; path = Procrastinot.app; sourceTree = BUILT_PRODUCTS_DIR; };
		6CB21D641C7844820000AF34 /* AppDelegate.swift */ = {isa = PBXFileReference; lastKnownFileType = sourcecode.swift; path = AppDelegate.swift; sourceTree = "<group>"; };
		6CB21D661C7844820000AF34 /* MainViewController.swift */ = {isa = PBXFileReference; lastKnownFileType = sourcecode.swift; path = MainViewController.swift; sourceTree = "<group>"; };
		6CB21D691C7844820000AF34 /* Base */ = {isa = PBXFileReference; lastKnownFileType = file.storyboard; name = Base; path = Base.lproj/Main.storyboard; sourceTree = "<group>"; };
		6CB21D6B1C7844820000AF34 /* Assets.xcassets */ = {isa = PBXFileReference; lastKnownFileType = folder.assetcatalog; path = Assets.xcassets; sourceTree = "<group>"; };
		6CB21D6E1C7844820000AF34 /* Base */ = {isa = PBXFileReference; lastKnownFileType = file.storyboard; name = Base; path = Base.lproj/LaunchScreen.storyboard; sourceTree = "<group>"; };
		6CB21D701C7844820000AF34 /* Info.plist */ = {isa = PBXFileReference; lastKnownFileType = text.plist.xml; path = Info.plist; sourceTree = "<group>"; };
		6CB21D751C7844820000AF34 /* ProcrastinotTests.xctest */ = {isa = PBXFileReference; explicitFileType = wrapper.cfbundle; includeInIndex = 0; path = ProcrastinotTests.xctest; sourceTree = BUILT_PRODUCTS_DIR; };
		6CB21D791C7844820000AF34 /* ProcrastinotTests.swift */ = {isa = PBXFileReference; lastKnownFileType = sourcecode.swift; path = ProcrastinotTests.swift; sourceTree = "<group>"; };
		6CB21D7B1C7844820000AF34 /* Info.plist */ = {isa = PBXFileReference; lastKnownFileType = text.plist.xml; path = Info.plist; sourceTree = "<group>"; };
		6CB21D801C7844820000AF34 /* ProcrastinotUITests.xctest */ = {isa = PBXFileReference; explicitFileType = wrapper.cfbundle; includeInIndex = 0; path = ProcrastinotUITests.xctest; sourceTree = BUILT_PRODUCTS_DIR; };
		6CB21D841C7844820000AF34 /* ProcrastinotUITests.swift */ = {isa = PBXFileReference; lastKnownFileType = sourcecode.swift; path = ProcrastinotUITests.swift; sourceTree = "<group>"; };
		6CB21D861C7844820000AF34 /* Info.plist */ = {isa = PBXFileReference; lastKnownFileType = text.plist.xml; path = Info.plist; sourceTree = "<group>"; };
		6CB21D931C78A2490000AF34 /* CourseCellTableViewCell.swift */ = {isa = PBXFileReference; fileEncoding = 4; lastKnownFileType = sourcecode.swift; path = CourseCellTableViewCell.swift; sourceTree = "<group>"; };
		6CB21D951C78B5C30000AF34 /* parse-library-1 */ = {isa = PBXFileReference; lastKnownFileType = folder; path = "parse-library-1"; sourceTree = "<group>"; };
		6CB21D971C78B62D0000AF34 /* AudioToolbox.framework */ = {isa = PBXFileReference; lastKnownFileType = wrapper.framework; name = AudioToolbox.framework; path = System/Library/Frameworks/AudioToolbox.framework; sourceTree = SDKROOT; };
		6CB21D991C78B6340000AF34 /* CFNetwork.framework */ = {isa = PBXFileReference; lastKnownFileType = wrapper.framework; name = CFNetwork.framework; path = System/Library/Frameworks/CFNetwork.framework; sourceTree = SDKROOT; };
		6CB21D9B1C78B6390000AF34 /* CoreGraphics.framework */ = {isa = PBXFileReference; lastKnownFileType = wrapper.framework; name = CoreGraphics.framework; path = System/Library/Frameworks/CoreGraphics.framework; sourceTree = SDKROOT; };
		6CB21D9D1C78B6400000AF34 /* CoreLocation.framework */ = {isa = PBXFileReference; lastKnownFileType = wrapper.framework; name = CoreLocation.framework; path = System/Library/Frameworks/CoreLocation.framework; sourceTree = SDKROOT; };
		6CB21D9F1C78B6460000AF34 /* QuartzCore.framework */ = {isa = PBXFileReference; lastKnownFileType = wrapper.framework; name = QuartzCore.framework; path = System/Library/Frameworks/QuartzCore.framework; sourceTree = SDKROOT; };
		6CB21DA11C78B64D0000AF34 /* Security.framework */ = {isa = PBXFileReference; lastKnownFileType = wrapper.framework; name = Security.framework; path = System/Library/Frameworks/Security.framework; sourceTree = SDKROOT; };
		6CB21DA31C78B6520000AF34 /* StoreKit.framework */ = {isa = PBXFileReference; lastKnownFileType = wrapper.framework; name = StoreKit.framework; path = System/Library/Frameworks/StoreKit.framework; sourceTree = SDKROOT; };
		6CB21DA51C78B65B0000AF34 /* SystemConfiguration.framework */ = {isa = PBXFileReference; lastKnownFileType = wrapper.framework; name = SystemConfiguration.framework; path = System/Library/Frameworks/SystemConfiguration.framework; sourceTree = SDKROOT; };
		6CB21DA71C78B67A0000AF34 /* libz.tbd */ = {isa = PBXFileReference; lastKnownFileType = "sourcecode.text-based-dylib-definition"; name = libz.tbd; path = usr/lib/libz.tbd; sourceTree = SDKROOT; };
		6CB21DA91C78B6820000AF34 /* libsqlite3.tbd */ = {isa = PBXFileReference; lastKnownFileType = "sourcecode.text-based-dylib-definition"; name = libsqlite3.tbd; path = usr/lib/libsqlite3.tbd; sourceTree = SDKROOT; };
		6CB21DAE1C78D0020000AF34 /* courseObject.swift */ = {isa = PBXFileReference; fileEncoding = 4; lastKnownFileType = sourcecode.swift; path = courseObject.swift; sourceTree = "<group>"; };
		6CB21DB01C78DA130000AF34 /* homeworkObject.swift */ = {isa = PBXFileReference; fileEncoding = 4; lastKnownFileType = sourcecode.swift; path = homeworkObject.swift; sourceTree = "<group>"; };
		6CB21DB21C78DEC40000AF34 /* examObject.swift */ = {isa = PBXFileReference; fileEncoding = 4; lastKnownFileType = sourcecode.swift; path = examObject.swift; sourceTree = "<group>"; };
		6CB21DB61C79227D0000AF34 /* AddClassViewController.swift */ = {isa = PBXFileReference; fileEncoding = 4; lastKnownFileType = sourcecode.swift; path = AddClassViewController.swift; sourceTree = "<group>"; };
		6CB21DB81C7922A50000AF34 /* CourseDetailsViewController.swift */ = {isa = PBXFileReference; fileEncoding = 4; lastKnownFileType = sourcecode.swift; path = CourseDetailsViewController.swift; sourceTree = "<group>"; };
		6CB21DBB1C79379C0000AF34 /* FullCourseListCell.swift */ = {isa = PBXFileReference; fileEncoding = 4; lastKnownFileType = sourcecode.swift; path = FullCourseListCell.swift; sourceTree = "<group>"; };
		6CB21DBD1C795B2D0000AF34 /* DatePickerViewController.swift */ = {isa = PBXFileReference; fileEncoding = 4; lastKnownFileType = sourcecode.swift; path = DatePickerViewController.swift; sourceTree = "<group>"; };
		6CB21DBF1C7985B40000AF34 /* HwExam.swift */ = {isa = PBXFileReference; fileEncoding = 4; lastKnownFileType = sourcecode.swift; path = HwExam.swift; sourceTree = "<group>"; };
		6DF8159FECADEC5E8F74F9EF /* Pods_Procrastinot.framework */ = {isa = PBXFileReference; explicitFileType = wrapper.framework; includeInIndex = 0; path = Pods_Procrastinot.framework; sourceTree = BUILT_PRODUCTS_DIR; };
		ABE9142A934C7A3185B4918F /* Pods-Procrastinot.release.xcconfig */ = {isa = PBXFileReference; includeInIndex = 1; lastKnownFileType = text.xcconfig; name = "Pods-Procrastinot.release.xcconfig"; path = "Pods/Target Support Files/Pods-Procrastinot/Pods-Procrastinot.release.xcconfig"; sourceTree = "<group>"; };
/* End PBXFileReference section */

/* Begin PBXFrameworksBuildPhase section */
		6CB21D5E1C7844820000AF34 /* Frameworks */ = {
			isa = PBXFrameworksBuildPhase;
			buildActionMask = 2147483647;
			files = (
				6CB21DAA1C78B6820000AF34 /* libsqlite3.tbd in Frameworks */,
				6CB21DA81C78B67A0000AF34 /* libz.tbd in Frameworks */,
				6CB21DA41C78B6520000AF34 /* StoreKit.framework in Frameworks */,
				6CB21DA61C78B65B0000AF34 /* SystemConfiguration.framework in Frameworks */,
				6CB21DA21C78B64D0000AF34 /* Security.framework in Frameworks */,
				6CB21DA01C78B6460000AF34 /* QuartzCore.framework in Frameworks */,
				6CB21D9E1C78B6400000AF34 /* CoreLocation.framework in Frameworks */,
				6CB21D9C1C78B6390000AF34 /* CoreGraphics.framework in Frameworks */,
				6CB21D9A1C78B6340000AF34 /* CFNetwork.framework in Frameworks */,
				6CB21D981C78B62D0000AF34 /* AudioToolbox.framework in Frameworks */,
				A222947BB23290EB4185118D /* Pods_Procrastinot.framework in Frameworks */,
			);
			runOnlyForDeploymentPostprocessing = 0;
		};
		6CB21D721C7844820000AF34 /* Frameworks */ = {
			isa = PBXFrameworksBuildPhase;
			buildActionMask = 2147483647;
			files = (
			);
			runOnlyForDeploymentPostprocessing = 0;
		};
		6CB21D7D1C7844820000AF34 /* Frameworks */ = {
			isa = PBXFrameworksBuildPhase;
			buildActionMask = 2147483647;
			files = (
			);
			runOnlyForDeploymentPostprocessing = 0;
		};
/* End PBXFrameworksBuildPhase section */

/* Begin PBXGroup section */
		06C3BFFF66B96651E5C2EAC2 /* Pods */ = {
			isa = PBXGroup;
			children = (
				07C5BE33459A027DD2C2DC81 /* Pods-Procrastinot.debug.xcconfig */,
				ABE9142A934C7A3185B4918F /* Pods-Procrastinot.release.xcconfig */,
			);
			name = Pods;
			sourceTree = "<group>";
		};
		6CB21D581C7844820000AF34 = {
			isa = PBXGroup;
			children = (
				6CB21DAB1C78BE190000AF34 /* Dependencies */,
				6CB21D951C78B5C30000AF34 /* parse-library-1 */,
				6CB21D631C7844820000AF34 /* Procrastinot */,
				6CB21D781C7844820000AF34 /* ProcrastinotTests */,
				6CB21D831C7844820000AF34 /* ProcrastinotUITests */,
				6CB21D621C7844820000AF34 /* Products */,
				06C3BFFF66B96651E5C2EAC2 /* Pods */,
				7914369F35485783B162EFCF /* Frameworks */,
			);
			sourceTree = "<group>";
		};
		6CB21D621C7844820000AF34 /* Products */ = {
			isa = PBXGroup;
			children = (
				6CB21D611C7844820000AF34 /* Procrastinot.app */,
				6CB21D751C7844820000AF34 /* ProcrastinotTests.xctest */,
				6CB21D801C7844820000AF34 /* ProcrastinotUITests.xctest */,
			);
			name = Products;
			sourceTree = "<group>";
		};
		6CB21D631C7844820000AF34 /* Procrastinot */ = {
			isa = PBXGroup;
			children = (
				6CB21DBA1C79375F0000AF34 /* Cell */,
				6CB21DAD1C78CFB80000AF34 /* Objects */,
				6CB21D641C7844820000AF34 /* AppDelegate.swift */,
				6CB21D921C78A2190000AF34 /* ViewControllers */,
				6CB21D681C7844820000AF34 /* Main.storyboard */,
				6CB21D6B1C7844820000AF34 /* Assets.xcassets */,
				6CB21D6D1C7844820000AF34 /* LaunchScreen.storyboard */,
				6CB21D701C7844820000AF34 /* Info.plist */,
			);
			path = Procrastinot;
			sourceTree = "<group>";
		};
		6CB21D781C7844820000AF34 /* ProcrastinotTests */ = {
			isa = PBXGroup;
			children = (
				6CB21D791C7844820000AF34 /* ProcrastinotTests.swift */,
				6CB21D7B1C7844820000AF34 /* Info.plist */,
			);
			path = ProcrastinotTests;
			sourceTree = "<group>";
		};
		6CB21D831C7844820000AF34 /* ProcrastinotUITests */ = {
			isa = PBXGroup;
			children = (
				6CB21D841C7844820000AF34 /* ProcrastinotUITests.swift */,
				6CB21D861C7844820000AF34 /* Info.plist */,
			);
			path = ProcrastinotUITests;
			sourceTree = "<group>";
		};
		6CB21D921C78A2190000AF34 /* ViewControllers */ = {
			isa = PBXGroup;
			children = (
				6CB21D661C7844820000AF34 /* MainViewController.swift */,
				6CB21DB61C79227D0000AF34 /* AddClassViewController.swift */,
				6CB21DB81C7922A50000AF34 /* CourseDetailsViewController.swift */,
				6CB21DBD1C795B2D0000AF34 /* DatePickerViewController.swift */,
			);
			name = ViewControllers;
			sourceTree = "<group>";
		};
		6CB21DAB1C78BE190000AF34 /* Dependencies */ = {
			isa = PBXGroup;
			children = (
				6CB21DA71C78B67A0000AF34 /* libz.tbd */,
				6CB21D991C78B6340000AF34 /* CFNetwork.framework */,
				6CB21D9B1C78B6390000AF34 /* CoreGraphics.framework */,
				6CB21D9D1C78B6400000AF34 /* CoreLocation.framework */,
				6CB21D9F1C78B6460000AF34 /* QuartzCore.framework */,
				6CB21DA11C78B64D0000AF34 /* Security.framework */,
				6CB21DA51C78B65B0000AF34 /* SystemConfiguration.framework */,
				6CB21DA31C78B6520000AF34 /* StoreKit.framework */,
				6CB21DA91C78B6820000AF34 /* libsqlite3.tbd */,
				6CB21D971C78B62D0000AF34 /* AudioToolbox.framework */,
			);
			name = Dependencies;
			sourceTree = "<group>";
		};
		6CB21DAD1C78CFB80000AF34 /* Objects */ = {
			isa = PBXGroup;
			children = (
				6CB21DAE1C78D0020000AF34 /* courseObject.swift */,
				6CB21DB01C78DA130000AF34 /* homeworkObject.swift */,
				6CB21DB21C78DEC40000AF34 /* examObject.swift */,
			);
			name = Objects;
			sourceTree = "<group>";
		};
		6CB21DBA1C79375F0000AF34 /* Cell */ = {
			isa = PBXGroup;
			children = (
				6CB21D931C78A2490000AF34 /* CourseCellTableViewCell.swift */,
				6CB21DBB1C79379C0000AF34 /* FullCourseListCell.swift */,
				6CB21DBF1C7985B40000AF34 /* HwExam.swift */,
			);
			name = Cell;
			sourceTree = "<group>";
		};
		7914369F35485783B162EFCF /* Frameworks */ = {
			isa = PBXGroup;
			children = (
				6DF8159FECADEC5E8F74F9EF /* Pods_Procrastinot.framework */,
			);
			name = Frameworks;
			sourceTree = "<group>";
		};
/* End PBXGroup section */

/* Begin PBXNativeTarget section */
		6CB21D601C7844820000AF34 /* Procrastinot */ = {
			isa = PBXNativeTarget;
			buildConfigurationList = 6CB21D891C7844820000AF34 /* Build configuration list for PBXNativeTarget "Procrastinot" */;
			buildPhases = (
				285A71A27E4F11CB64912D07 /* Check Pods Manifest.lock */,
				6CB21D5D1C7844820000AF34 /* Sources */,
				6CB21D5E1C7844820000AF34 /* Frameworks */,
				6CB21D5F1C7844820000AF34 /* Resources */,
				DBE0B7ED796BA2C2F47FB9EE /* Embed Pods Frameworks */,
				30D14C692A4BEA2D1A3D421D /* Copy Pods Resources */,
			);
			buildRules = (
			);
			dependencies = (
			);
			name = Procrastinot;
			productName = Procrastinot;
			productReference = 6CB21D611C7844820000AF34 /* Procrastinot.app */;
			productType = "com.apple.product-type.application";
		};
		6CB21D741C7844820000AF34 /* ProcrastinotTests */ = {
			isa = PBXNativeTarget;
			buildConfigurationList = 6CB21D8C1C7844820000AF34 /* Build configuration list for PBXNativeTarget "ProcrastinotTests" */;
			buildPhases = (
				6CB21D711C7844820000AF34 /* Sources */,
				6CB21D721C7844820000AF34 /* Frameworks */,
				6CB21D731C7844820000AF34 /* Resources */,
			);
			buildRules = (
			);
			dependencies = (
				6CB21D771C7844820000AF34 /* PBXTargetDependency */,
			);
			name = ProcrastinotTests;
			productName = ProcrastinotTests;
			productReference = 6CB21D751C7844820000AF34 /* ProcrastinotTests.xctest */;
			productType = "com.apple.product-type.bundle.unit-test";
		};
		6CB21D7F1C7844820000AF34 /* ProcrastinotUITests */ = {
			isa = PBXNativeTarget;
			buildConfigurationList = 6CB21D8F1C7844820000AF34 /* Build configuration list for PBXNativeTarget "ProcrastinotUITests" */;
			buildPhases = (
				6CB21D7C1C7844820000AF34 /* Sources */,
				6CB21D7D1C7844820000AF34 /* Frameworks */,
				6CB21D7E1C7844820000AF34 /* Resources */,
			);
			buildRules = (
			);
			dependencies = (
				6CB21D821C7844820000AF34 /* PBXTargetDependency */,
			);
			name = ProcrastinotUITests;
			productName = ProcrastinotUITests;
			productReference = 6CB21D801C7844820000AF34 /* ProcrastinotUITests.xctest */;
			productType = "com.apple.product-type.bundle.ui-testing";
		};
/* End PBXNativeTarget section */

/* Begin PBXProject section */
		6CB21D591C7844820000AF34 /* Project object */ = {
			isa = PBXProject;
			attributes = {
				LastSwiftUpdateCheck = 0720;
				LastUpgradeCheck = 0720;
				ORGANIZATIONNAME = Procrastinot;
				TargetAttributes = {
					6CB21D601C7844820000AF34 = {
						CreatedOnToolsVersion = 7.2;
					};
					6CB21D741C7844820000AF34 = {
						CreatedOnToolsVersion = 7.2;
						TestTargetID = 6CB21D601C7844820000AF34;
					};
					6CB21D7F1C7844820000AF34 = {
						CreatedOnToolsVersion = 7.2;
						TestTargetID = 6CB21D601C7844820000AF34;
					};
				};
			};
			buildConfigurationList = 6CB21D5C1C7844820000AF34 /* Build configuration list for PBXProject "Procrastinot" */;
			compatibilityVersion = "Xcode 3.2";
			developmentRegion = English;
			hasScannedForEncodings = 0;
			knownRegions = (
				en,
				Base,
			);
			mainGroup = 6CB21D581C7844820000AF34;
			productRefGroup = 6CB21D621C7844820000AF34 /* Products */;
			projectDirPath = "";
			projectRoot = "";
			targets = (
				6CB21D601C7844820000AF34 /* Procrastinot */,
				6CB21D741C7844820000AF34 /* ProcrastinotTests */,
				6CB21D7F1C7844820000AF34 /* ProcrastinotUITests */,
			);
		};
/* End PBXProject section */

/* Begin PBXResourcesBuildPhase section */
		6CB21D5F1C7844820000AF34 /* Resources */ = {
			isa = PBXResourcesBuildPhase;
			buildActionMask = 2147483647;
			files = (
				6CB21D6F1C7844820000AF34 /* LaunchScreen.storyboard in Resources */,
				6CB21D6C1C7844820000AF34 /* Assets.xcassets in Resources */,
				6CB21D961C78B5C30000AF34 /* parse-library-1 in Resources */,
				6CB21D6A1C7844820000AF34 /* Main.storyboard in Resources */,
			);
			runOnlyForDeploymentPostprocessing = 0;
		};
		6CB21D731C7844820000AF34 /* Resources */ = {
			isa = PBXResourcesBuildPhase;
			buildActionMask = 2147483647;
			files = (
			);
			runOnlyForDeploymentPostprocessing = 0;
		};
		6CB21D7E1C7844820000AF34 /* Resources */ = {
			isa = PBXResourcesBuildPhase;
			buildActionMask = 2147483647;
			files = (
			);
			runOnlyForDeploymentPostprocessing = 0;
		};
/* End PBXResourcesBuildPhase section */

/* Begin PBXShellScriptBuildPhase section */
		285A71A27E4F11CB64912D07 /* Check Pods Manifest.lock */ = {
			isa = PBXShellScriptBuildPhase;
			buildActionMask = 2147483647;
			files = (
			);
			inputPaths = (
			);
			name = "Check Pods Manifest.lock";
			outputPaths = (
			);
			runOnlyForDeploymentPostprocessing = 0;
			shellPath = /bin/sh;
			shellScript = "diff \"${PODS_ROOT}/../Podfile.lock\" \"${PODS_ROOT}/Manifest.lock\" > /dev/null\nif [[ $? != 0 ]] ; then\n    cat << EOM\nerror: The sandbox is not in sync with the Podfile.lock. Run 'pod install' or update your CocoaPods installation.\nEOM\n    exit 1\nfi\n";
			showEnvVarsInLog = 0;
		};
		30D14C692A4BEA2D1A3D421D /* Copy Pods Resources */ = {
			isa = PBXShellScriptBuildPhase;
			buildActionMask = 2147483647;
			files = (
			);
			inputPaths = (
			);
			name = "Copy Pods Resources";
			outputPaths = (
			);
			runOnlyForDeploymentPostprocessing = 0;
			shellPath = /bin/sh;
			shellScript = "\"${SRCROOT}/Pods/Target Support Files/Pods-Procrastinot/Pods-Procrastinot-resources.sh\"\n";
			showEnvVarsInLog = 0;
		};
		DBE0B7ED796BA2C2F47FB9EE /* Embed Pods Frameworks */ = {
			isa = PBXShellScriptBuildPhase;
			buildActionMask = 2147483647;
			files = (
			);
			inputPaths = (
			);
			name = "Embed Pods Frameworks";
			outputPaths = (
			);
			runOnlyForDeploymentPostprocessing = 0;
			shellPath = /bin/sh;
			shellScript = "\"${SRCROOT}/Pods/Target Support Files/Pods-Procrastinot/Pods-Procrastinot-frameworks.sh\"\n";
			showEnvVarsInLog = 0;
		};
/* End PBXShellScriptBuildPhase section */

/* Begin PBXSourcesBuildPhase section */
		6CB21D5D1C7844820000AF34 /* Sources */ = {
			isa = PBXSourcesBuildPhase;
			buildActionMask = 2147483647;
			files = (
				6CB21D671C7844820000AF34 /* MainViewController.swift in Sources */,
				6CB21DBC1C79379C0000AF34 /* FullCourseListCell.swift in Sources */,
				6CB21DAF1C78D0020000AF34 /* courseObject.swift in Sources */,
				6CB21D941C78A2490000AF34 /* CourseCellTableViewCell.swift in Sources */,
				6CB21DBE1C795B2D0000AF34 /* DatePickerViewController.swift in Sources */,
				6CB21DB91C7922A50000AF34 /* CourseDetailsViewController.swift in Sources */,
				6CB21D651C7844820000AF34 /* AppDelegate.swift in Sources */,
				6CB21DB71C79227D0000AF34 /* AddClassViewController.swift in Sources */,
				6CB21DB11C78DA130000AF34 /* homeworkObject.swift in Sources */,
				6CB21DC01C7985B40000AF34 /* HwExam.swift in Sources */,
				6CB21DB31C78DEC40000AF34 /* examObject.swift in Sources */,
			);
			runOnlyForDeploymentPostprocessing = 0;
		};
		6CB21D711C7844820000AF34 /* Sources */ = {
			isa = PBXSourcesBuildPhase;
			buildActionMask = 2147483647;
			files = (
				6CB21D7A1C7844820000AF34 /* ProcrastinotTests.swift in Sources */,
			);
			runOnlyForDeploymentPostprocessing = 0;
		};
		6CB21D7C1C7844820000AF34 /* Sources */ = {
			isa = PBXSourcesBuildPhase;
			buildActionMask = 2147483647;
			files = (
				6CB21D851C7844820000AF34 /* ProcrastinotUITests.swift in Sources */,
			);
			runOnlyForDeploymentPostprocessing = 0;
		};
/* End PBXSourcesBuildPhase section */

/* Begin PBXTargetDependency section */
		6CB21D771C7844820000AF34 /* PBXTargetDependency */ = {
			isa = PBXTargetDependency;
			target = 6CB21D601C7844820000AF34 /* Procrastinot */;
			targetProxy = 6CB21D761C7844820000AF34 /* PBXContainerItemProxy */;
		};
		6CB21D821C7844820000AF34 /* PBXTargetDependency */ = {
			isa = PBXTargetDependency;
			target = 6CB21D601C7844820000AF34 /* Procrastinot */;
			targetProxy = 6CB21D811C7844820000AF34 /* PBXContainerItemProxy */;
		};
/* End PBXTargetDependency section */

/* Begin PBXVariantGroup section */
		6CB21D681C7844820000AF34 /* Main.storyboard */ = {
			isa = PBXVariantGroup;
			children = (
				6CB21D691C7844820000AF34 /* Base */,
			);
			name = Main.storyboard;
			sourceTree = "<group>";
		};
		6CB21D6D1C7844820000AF34 /* LaunchScreen.storyboard */ = {
			isa = PBXVariantGroup;
			children = (
				6CB21D6E1C7844820000AF34 /* Base */,
			);
			name = LaunchScreen.storyboard;
			sourceTree = "<group>";
		};
/* End PBXVariantGroup section */

/* Begin XCBuildConfiguration section */
		6CB21D871C7844820000AF34 /* Debug */ = {
			isa = XCBuildConfiguration;
			buildSettings = {
				ALWAYS_SEARCH_USER_PATHS = NO;
				CLANG_CXX_LANGUAGE_STANDARD = "gnu++0x";
				CLANG_CXX_LIBRARY = "libc++";
				CLANG_ENABLE_MODULES = YES;
				CLANG_ENABLE_OBJC_ARC = YES;
				CLANG_WARN_BOOL_CONVERSION = YES;
				CLANG_WARN_CONSTANT_CONVERSION = YES;
				CLANG_WARN_DIRECT_OBJC_ISA_USAGE = YES_ERROR;
				CLANG_WARN_EMPTY_BODY = YES;
				CLANG_WARN_ENUM_CONVERSION = YES;
				CLANG_WARN_INT_CONVERSION = YES;
				CLANG_WARN_OBJC_ROOT_CLASS = YES_ERROR;
				CLANG_WARN_UNREACHABLE_CODE = YES;
				CLANG_WARN__DUPLICATE_METHOD_MATCH = YES;
				"CODE_SIGN_IDENTITY[sdk=iphoneos*]" = "iPhone Developer";
				COPY_PHASE_STRIP = NO;
				DEBUG_INFORMATION_FORMAT = dwarf;
				ENABLE_STRICT_OBJC_MSGSEND = YES;
				ENABLE_TESTABILITY = YES;
				GCC_C_LANGUAGE_STANDARD = gnu99;
				GCC_DYNAMIC_NO_PIC = NO;
				GCC_NO_COMMON_BLOCKS = YES;
				GCC_OPTIMIZATION_LEVEL = 0;
				GCC_PREPROCESSOR_DEFINITIONS = (
					"DEBUG=1",
					"$(inherited)",
				);
				GCC_WARN_64_TO_32_BIT_CONVERSION = YES;
				GCC_WARN_ABOUT_RETURN_TYPE = YES_ERROR;
				GCC_WARN_UNDECLARED_SELECTOR = YES;
				GCC_WARN_UNINITIALIZED_AUTOS = YES_AGGRESSIVE;
				GCC_WARN_UNUSED_FUNCTION = YES;
				GCC_WARN_UNUSED_VARIABLE = YES;
				IPHONEOS_DEPLOYMENT_TARGET = 9.2;
				MTL_ENABLE_DEBUG_INFO = YES;
				ONLY_ACTIVE_ARCH = YES;
				SDKROOT = iphoneos;
				SWIFT_OPTIMIZATION_LEVEL = "-Onone";
			};
			name = Debug;
		};
		6CB21D881C7844820000AF34 /* Release */ = {
			isa = XCBuildConfiguration;
			buildSettings = {
				ALWAYS_SEARCH_USER_PATHS = NO;
				CLANG_CXX_LANGUAGE_STANDARD = "gnu++0x";
				CLANG_CXX_LIBRARY = "libc++";
				CLANG_ENABLE_MODULES = YES;
				CLANG_ENABLE_OBJC_ARC = YES;
				CLANG_WARN_BOOL_CONVERSION = YES;
				CLANG_WARN_CONSTANT_CONVERSION = YES;
				CLANG_WARN_DIRECT_OBJC_ISA_USAGE = YES_ERROR;
				CLANG_WARN_EMPTY_BODY = YES;
				CLANG_WARN_ENUM_CONVERSION = YES;
				CLANG_WARN_INT_CONVERSION = YES;
				CLANG_WARN_OBJC_ROOT_CLASS = YES_ERROR;
				CLANG_WARN_UNREACHABLE_CODE = YES;
				CLANG_WARN__DUPLICATE_METHOD_MATCH = YES;
				"CODE_SIGN_IDENTITY[sdk=iphoneos*]" = "iPhone Developer";
				COPY_PHASE_STRIP = NO;
				DEBUG_INFORMATION_FORMAT = "dwarf-with-dsym";
				ENABLE_NS_ASSERTIONS = NO;
				ENABLE_STRICT_OBJC_MSGSEND = YES;
				GCC_C_LANGUAGE_STANDARD = gnu99;
				GCC_NO_COMMON_BLOCKS = YES;
				GCC_WARN_64_TO_32_BIT_CONVERSION = YES;
				GCC_WARN_ABOUT_RETURN_TYPE = YES_ERROR;
				GCC_WARN_UNDECLARED_SELECTOR = YES;
				GCC_WARN_UNINITIALIZED_AUTOS = YES_AGGRESSIVE;
				GCC_WARN_UNUSED_FUNCTION = YES;
				GCC_WARN_UNUSED_VARIABLE = YES;
				IPHONEOS_DEPLOYMENT_TARGET = 9.2;
				MTL_ENABLE_DEBUG_INFO = NO;
				SDKROOT = iphoneos;
				VALIDATE_PRODUCT = YES;
			};
			name = Release;
		};
		6CB21D8A1C7844820000AF34 /* Debug */ = {
			isa = XCBuildConfiguration;
			baseConfigurationReference = 07C5BE33459A027DD2C2DC81 /* Pods-Procrastinot.debug.xcconfig */;
			buildSettings = {
				ASSETCATALOG_COMPILER_APPICON_NAME = AppIcon;
				INFOPLIST_FILE = Procrastinot/Info.plist;
				LD_RUNPATH_SEARCH_PATHS = "$(inherited) @executable_path/Frameworks";
				PRODUCT_BUNDLE_IDENTIFIER = hackillinois2016.Procrastinot;
				PRODUCT_NAME = "$(TARGET_NAME)";
			};
			name = Debug;
		};
		6CB21D8B1C7844820000AF34 /* Release */ = {
			isa = XCBuildConfiguration;
			baseConfigurationReference = ABE9142A934C7A3185B4918F /* Pods-Procrastinot.release.xcconfig */;
			buildSettings = {
				ASSETCATALOG_COMPILER_APPICON_NAME = AppIcon;
				INFOPLIST_FILE = Procrastinot/Info.plist;
				LD_RUNPATH_SEARCH_PATHS = "$(inherited) @executable_path/Frameworks";
				PRODUCT_BUNDLE_IDENTIFIER = hackillinois2016.Procrastinot;
				PRODUCT_NAME = "$(TARGET_NAME)";
			};
			name = Release;
		};
		6CB21D8D1C7844820000AF34 /* Debug */ = {
			isa = XCBuildConfiguration;
			buildSettings = {
				BUNDLE_LOADER = "$(TEST_HOST)";
				INFOPLIST_FILE = ProcrastinotTests/Info.plist;
				LD_RUNPATH_SEARCH_PATHS = "$(inherited) @executable_path/Frameworks @loader_path/Frameworks";
				PRODUCT_BUNDLE_IDENTIFIER = hackillinois2016.ProcrastinotTests;
				PRODUCT_NAME = "$(TARGET_NAME)";
				TEST_HOST = "$(BUILT_PRODUCTS_DIR)/Procrastinot.app/Procrastinot";
			};
			name = Debug;
		};
		6CB21D8E1C7844820000AF34 /* Release */ = {
			isa = XCBuildConfiguration;
			buildSettings = {
				BUNDLE_LOADER = "$(TEST_HOST)";
				INFOPLIST_FILE = ProcrastinotTests/Info.plist;
				LD_RUNPATH_SEARCH_PATHS = "$(inherited) @executable_path/Frameworks @loader_path/Frameworks";
				PRODUCT_BUNDLE_IDENTIFIER = hackillinois2016.ProcrastinotTests;
				PRODUCT_NAME = "$(TARGET_NAME)";
				TEST_HOST = "$(BUILT_PRODUCTS_DIR)/Procrastinot.app/Procrastinot";
			};
			name = Release;
		};
		6CB21D901C7844820000AF34 /* Debug */ = {
			isa = XCBuildConfiguration;
			buildSettings = {
				INFOPLIST_FILE = ProcrastinotUITests/Info.plist;
				LD_RUNPATH_SEARCH_PATHS = "$(inherited) @executable_path/Frameworks @loader_path/Frameworks";
				PRODUCT_BUNDLE_IDENTIFIER = hackillinois2016.ProcrastinotUITests;
				PRODUCT_NAME = "$(TARGET_NAME)";
				TEST_TARGET_NAME = Procrastinot;
				USES_XCTRUNNER = YES;
			};
			name = Debug;
		};
		6CB21D911C7844820000AF34 /* Release */ = {
			isa = XCBuildConfiguration;
			buildSettings = {
				INFOPLIST_FILE = ProcrastinotUITests/Info.plist;
				LD_RUNPATH_SEARCH_PATHS = "$(inherited) @executable_path/Frameworks @loader_path/Frameworks";
				PRODUCT_BUNDLE_IDENTIFIER = hackillinois2016.ProcrastinotUITests;
				PRODUCT_NAME = "$(TARGET_NAME)";
				TEST_TARGET_NAME = Procrastinot;
				USES_XCTRUNNER = YES;
			};
			name = Release;
		};
/* End XCBuildConfiguration section */

/* Begin XCConfigurationList section */
		6CB21D5C1C7844820000AF34 /* Build configuration list for PBXProject "Procrastinot" */ = {
			isa = XCConfigurationList;
			buildConfigurations = (
				6CB21D871C7844820000AF34 /* Debug */,
				6CB21D881C7844820000AF34 /* Release */,
			);
			defaultConfigurationIsVisible = 0;
			defaultConfigurationName = Release;
		};
		6CB21D891C7844820000AF34 /* Build configuration list for PBXNativeTarget "Procrastinot" */ = {
			isa = XCConfigurationList;
			buildConfigurations = (
				6CB21D8A1C7844820000AF34 /* Debug */,
				6CB21D8B1C7844820000AF34 /* Release */,
			);
			defaultConfigurationIsVisible = 0;
			defaultConfigurationName = Release;
		};
		6CB21D8C1C7844820000AF34 /* Build configuration list for PBXNativeTarget "ProcrastinotTests" */ = {
			isa = XCConfigurationList;
			buildConfigurations = (
				6CB21D8D1C7844820000AF34 /* Debug */,
				6CB21D8E1C7844820000AF34 /* Release */,
			);
			defaultConfigurationIsVisible = 0;
			defaultConfigurationName = Release;
		};
		6CB21D8F1C7844820000AF34 /* Build configuration list for PBXNativeTarget "ProcrastinotUITests" */ = {
			isa = XCConfigurationList;
			buildConfigurations = (
				6CB21D901C7844820000AF34 /* Debug */,
				6CB21D911C7844820000AF34 /* Release */,
			);
			defaultConfigurationIsVisible = 0;
			defaultConfigurationName = Release;
		};
/* End XCConfigurationList section */
	};
	rootObject = 6CB21D591C7844820000AF34 /* Project object */;
}
